
Microsoft Visual Studio Solution File, Format Version 12.00
# Visual Studio 14
VisualStudioVersion = 14.0.24720.0
MinimumVisualStudioVersion = 10.0.40219.1
Project("{FAE04EC0-301F-11D3-BF4B-00C04F79EFBC}") = "LeilaoFabrica", "LeilaoFabrica\LeilaoFabrica.csproj", "{00831CAF-08C9-41AF-A2E3-504892A84675}"
EndProject
Project("{00D1A9C2-B5F0-4AF3-8072-F6C62B433612}") = "Fabrica.Leilao.Banco", "Fabrica.Leilao.Banco\Fabrica.Leilao.Banco.sqlproj", "{676B6A5D-9984-4E9E-BAFD-DCE68D42CED8}"
EndProject
Global
	GlobalSection(SolutionConfigurationPlatforms) = preSolution
		Debug|Any CPU = Debug|Any CPU
		Release|Any CPU = Release|Any CPU
	EndGlobalSection
	GlobalSection(ProjectConfigurationPlatforms) = postSolution
		{00831CAF-08C9-41AF-A2E3-504892A84675}.Debug|Any CPU.ActiveCfg = Debug|Any CPU
		{00831CAF-08C9-41AF-A2E3-504892A84675}.Debug|Any CPU.Build.0 = Debug|Any CPU
		{00831CAF-08C9-41AF-A2E3-504892A84675}.Release|Any CPU.ActiveCfg = Release|Any CPU
		{00831CAF-08C9-41AF-A2E3-504892A84675}.Release|Any CPU.Build.0 = Release|Any CPU
		{676B6A5D-9984-4E9E-BAFD-DCE68D42CED8}.Debug|Any CPU.ActiveCfg = Debug|Any CPU
		{676B6A5D-9984-4E9E-BAFD-DCE68D42CED8}.Debug|Any CPU.Build.0 = Debug|Any CPU
		{676B6A5D-9984-4E9E-BAFD-DCE68D42CED8}.Debug|Any CPU.Deploy.0 = Debug|Any CPU
		{676B6A5D-9984-4E9E-BAFD-DCE68D42CED8}.Release|Any CPU.ActiveCfg = Release|Any CPU
		{676B6A5D-9984-4E9E-BAFD-DCE68D42CED8}.Release|Any CPU.Build.0 = Release|Any CPU
		{676B6A5D-9984-4E9E-BAFD-DCE68D42CED8}.Release|Any CPU.Deploy.0 = Release|Any CPU
	EndGlobalSection
	GlobalSection(SolutionProperties) = preSolution
		HideSolutionNode = FALSE
	EndGlobalSection
EndGlobal
